// !$*UTF8*$!
{
	archiveVersion = 1;
	classes = {
	};
	objectVersion = 51;
	objects = {

/* Begin PBXBuildFile section */
		8B53E7D01DCF0801F7BB31E3 /* Pods_AjmoDashboardDemo.framework in Frameworks */ = {isa = PBXBuildFile; fileRef = D1684502CFE0A6E72BEBDC7E /* Pods_AjmoDashboardDemo.framework */; };
		D7BACE532524593E006F70DC /* AppDelegate.swift in Sources */ = {isa = PBXBuildFile; fileRef = D7BACE522524593E006F70DC /* AppDelegate.swift */; };
		D7BACE572524593E006F70DC /* BaseViewController.swift in Sources */ = {isa = PBXBuildFile; fileRef = D7BACE562524593E006F70DC /* BaseViewController.swift */; };
		D7BACE5A2524593E006F70DC /* Main.storyboard in Resources */ = {isa = PBXBuildFile; fileRef = D7BACE582524593E006F70DC /* Main.storyboard */; };
		D7BACE5C25245941006F70DC /* Assets.xcassets in Resources */ = {isa = PBXBuildFile; fileRef = D7BACE5B25245941006F70DC /* Assets.xcassets */; };
		D7BACE5F25245941006F70DC /* LaunchScreen.storyboard in Resources */ = {isa = PBXBuildFile; fileRef = D7BACE5D25245941006F70DC /* LaunchScreen.storyboard */; };
		D7BACE7025245CE9006F70DC /* SceneManager.swift in Sources */ = {isa = PBXBuildFile; fileRef = D7BACE6C25245CE9006F70DC /* SceneManager.swift */; };
		D7BACE7125245CE9006F70DC /* AlertViewManager.swift in Sources */ = {isa = PBXBuildFile; fileRef = D7BACE6D25245CE9006F70DC /* AlertViewManager.swift */; };
		D7BACE7225245CE9006F70DC /* ColorManager.swift in Sources */ = {isa = PBXBuildFile; fileRef = D7BACE6E25245CE9006F70DC /* ColorManager.swift */; };
		D7BACE7F25245E5E006F70DC /* StringExt.swift in Sources */ = {isa = PBXBuildFile; fileRef = D7BACE7525245E5E006F70DC /* StringExt.swift */; };
		D7BACE8025245E5E006F70DC /* UIViewExt.swift in Sources */ = {isa = PBXBuildFile; fileRef = D7BACE7625245E5E006F70DC /* UIViewExt.swift */; };
		D7BACE8125245E5E006F70DC /* UIViewControllerExt.swift in Sources */ = {isa = PBXBuildFile; fileRef = D7BACE7725245E5E006F70DC /* UIViewControllerExt.swift */; };
		D7BACE8325245E5E006F70DC /* NSDateExt.swift in Sources */ = {isa = PBXBuildFile; fileRef = D7BACE7925245E5E006F70DC /* NSDateExt.swift */; };
		D7BACE8425245E5E006F70DC /* UIImageExt.swift in Sources */ = {isa = PBXBuildFile; fileRef = D7BACE7A25245E5E006F70DC /* UIImageExt.swift */; };
		D7BACE8525245E5E006F70DC /* Constants.swift in Sources */ = {isa = PBXBuildFile; fileRef = D7BACE7C25245E5E006F70DC /* Constants.swift */; };
		D7BACE8625245E5E006F70DC /* Utils.swift in Sources */ = {isa = PBXBuildFile; fileRef = D7BACE7D25245E5E006F70DC /* Utils.swift */; };
		D7BACE8725245E5E006F70DC /* Configuration.swift in Sources */ = {isa = PBXBuildFile; fileRef = D7BACE7E25245E5E006F70DC /* Configuration.swift */; };
		D7BACE8A25246710006F70DC /* ApiManager.swift in Sources */ = {isa = PBXBuildFile; fileRef = D7BACE8825246710006F70DC /* ApiManager.swift */; };
		D7BACE8B25246710006F70DC /* NetworkManager.swift in Sources */ = {isa = PBXBuildFile; fileRef = D7BACE8925246710006F70DC /* NetworkManager.swift */; };
/* End PBXBuildFile section */

/* Begin PBXFileReference section */
		7234039E953E675BAC04E505 /* Pods-AjmoDashboardDemo.release.xcconfig */ = {isa = PBXFileReference; includeInIndex = 1; lastKnownFileType = text.xcconfig; name = "Pods-AjmoDashboardDemo.release.xcconfig"; path = "Target Support Files/Pods-AjmoDashboardDemo/Pods-AjmoDashboardDemo.release.xcconfig"; sourceTree = "<group>"; };
		C6DB447F4B106BA4CC523C69 /* Pods-AjmoDashboardDemo.debug.xcconfig */ = {isa = PBXFileReference; includeInIndex = 1; lastKnownFileType = text.xcconfig; name = "Pods-AjmoDashboardDemo.debug.xcconfig"; path = "Target Support Files/Pods-AjmoDashboardDemo/Pods-AjmoDashboardDemo.debug.xcconfig"; sourceTree = "<group>"; };
		D1684502CFE0A6E72BEBDC7E /* Pods_AjmoDashboardDemo.framework */ = {isa = PBXFileReference; explicitFileType = wrapper.framework; includeInIndex = 0; path = Pods_AjmoDashboardDemo.framework; sourceTree = BUILT_PRODUCTS_DIR; };
		D7BACE4F2524593E006F70DC /* AjmoDashboardDemo.app */ = {isa = PBXFileReference; explicitFileType = wrapper.application; includeInIndex = 0; path = AjmoDashboardDemo.app; sourceTree = BUILT_PRODUCTS_DIR; };
		D7BACE522524593E006F70DC /* AppDelegate.swift */ = {isa = PBXFileReference; lastKnownFileType = sourcecode.swift; path = AppDelegate.swift; sourceTree = "<group>"; };
		D7BACE562524593E006F70DC /* BaseViewController.swift */ = {isa = PBXFileReference; lastKnownFileType = sourcecode.swift; path = BaseViewController.swift; sourceTree = "<group>"; };
		D7BACE592524593E006F70DC /* Base */ = {isa = PBXFileReference; lastKnownFileType = file.storyboard; name = Base; path = Base.lproj/Main.storyboard; sourceTree = "<group>"; };
		D7BACE5B25245941006F70DC /* Assets.xcassets */ = {isa = PBXFileReference; lastKnownFileType = folder.assetcatalog; path = Assets.xcassets; sourceTree = "<group>"; };
		D7BACE5E25245941006F70DC /* Base */ = {isa = PBXFileReference; lastKnownFileType = file.storyboard; name = Base; path = Base.lproj/LaunchScreen.storyboard; sourceTree = "<group>"; };
		D7BACE6025245941006F70DC /* Info.plist */ = {isa = PBXFileReference; lastKnownFileType = text.plist.xml; path = Info.plist; sourceTree = "<group>"; };
		D7BACE6C25245CE9006F70DC /* SceneManager.swift */ = {isa = PBXFileReference; fileEncoding = 4; lastKnownFileType = sourcecode.swift; path = SceneManager.swift; sourceTree = "<group>"; };
		D7BACE6D25245CE9006F70DC /* AlertViewManager.swift */ = {isa = PBXFileReference; fileEncoding = 4; lastKnownFileType = sourcecode.swift; path = AlertViewManager.swift; sourceTree = "<group>"; };
		D7BACE6E25245CE9006F70DC /* ColorManager.swift */ = {isa = PBXFileReference; fileEncoding = 4; lastKnownFileType = sourcecode.swift; path = ColorManager.swift; sourceTree = "<group>"; };
		D7BACE7525245E5E006F70DC /* StringExt.swift */ = {isa = PBXFileReference; fileEncoding = 4; lastKnownFileType = sourcecode.swift; path = StringExt.swift; sourceTree = "<group>"; };
		D7BACE7625245E5E006F70DC /* UIViewExt.swift */ = {isa = PBXFileReference; fileEncoding = 4; lastKnownFileType = sourcecode.swift; path = UIViewExt.swift; sourceTree = "<group>"; };
		D7BACE7725245E5E006F70DC /* UIViewControllerExt.swift */ = {isa = PBXFileReference; fileEncoding = 4; lastKnownFileType = sourcecode.swift; path = UIViewControllerExt.swift; sourceTree = "<group>"; };
		D7BACE7925245E5E006F70DC /* NSDateExt.swift */ = {isa = PBXFileReference; fileEncoding = 4; lastKnownFileType = sourcecode.swift; path = NSDateExt.swift; sourceTree = "<group>"; };
		D7BACE7A25245E5E006F70DC /* UIImageExt.swift */ = {isa = PBXFileReference; fileEncoding = 4; lastKnownFileType = sourcecode.swift; path = UIImageExt.swift; sourceTree = "<group>"; };
		D7BACE7C25245E5E006F70DC /* Constants.swift */ = {isa = PBXFileReference; fileEncoding = 4; lastKnownFileType = sourcecode.swift; path = Constants.swift; sourceTree = "<group>"; };
		D7BACE7D25245E5E006F70DC /* Utils.swift */ = {isa = PBXFileReference; fileEncoding = 4; lastKnownFileType = sourcecode.swift; path = Utils.swift; sourceTree = "<group>"; };
		D7BACE7E25245E5E006F70DC /* Configuration.swift */ = {isa = PBXFileReference; fileEncoding = 4; lastKnownFileType = sourcecode.swift; path = Configuration.swift; sourceTree = "<group>"; };
		D7BACE8825246710006F70DC /* ApiManager.swift */ = {isa = PBXFileReference; fileEncoding = 4; lastKnownFileType = sourcecode.swift; path = ApiManager.swift; sourceTree = "<group>"; };
		D7BACE8925246710006F70DC /* NetworkManager.swift */ = {isa = PBXFileReference; fileEncoding = 4; lastKnownFileType = sourcecode.swift; path = NetworkManager.swift; sourceTree = "<group>"; };
/* End PBXFileReference section */

/* Begin PBXFrameworksBuildPhase section */
		D7BACE4C2524593E006F70DC /* Frameworks */ = {
			isa = PBXFrameworksBuildPhase;
			buildActionMask = 2147483647;
			files = (
				8B53E7D01DCF0801F7BB31E3 /* Pods_AjmoDashboardDemo.framework in Frameworks */,
			);
			runOnlyForDeploymentPostprocessing = 0;
		};
/* End PBXFrameworksBuildPhase section */

/* Begin PBXGroup section */
		124ED4DF72B71D59AFEF7D4A /* Frameworks */ = {
			isa = PBXGroup;
			children = (
				D1684502CFE0A6E72BEBDC7E /* Pods_AjmoDashboardDemo.framework */,
			);
			name = Frameworks;
			sourceTree = "<group>";
		};
		A7A135B9688286ED914D3DFD /* Pods */ = {
			isa = PBXGroup;
			children = (
				C6DB447F4B106BA4CC523C69 /* Pods-AjmoDashboardDemo.debug.xcconfig */,
				7234039E953E675BAC04E505 /* Pods-AjmoDashboardDemo.release.xcconfig */,
			);
			path = Pods;
			sourceTree = "<group>";
		};
		D7BACE462524593E006F70DC = {
			isa = PBXGroup;
			children = (
				D7BACE512524593E006F70DC /* AjmoDashboardDemo */,
				D7BACE502524593E006F70DC /* Products */,
				A7A135B9688286ED914D3DFD /* Pods */,
				124ED4DF72B71D59AFEF7D4A /* Frameworks */,
			);
			sourceTree = "<group>";
		};
		D7BACE502524593E006F70DC /* Products */ = {
			isa = PBXGroup;
			children = (
				D7BACE4F2524593E006F70DC /* AjmoDashboardDemo.app */,
			);
			name = Products;
			sourceTree = "<group>";
		};
		D7BACE512524593E006F70DC /* AjmoDashboardDemo */ = {
			isa = PBXGroup;
			children = (
				D7BACE6B25245CD3006F70DC /* Generic */,
				D7BACE7425245E5D006F70DC /* Extension */,
				D7BACE7B25245E5E006F70DC /* Utils */,
				D7BACE672524598B006F70DC /* CustomViews */,
				D7BACE69252459A2006F70DC /* Manager */,
				D7BACE6A25245A29006F70DC /* SupportedFiles */,
			);
			path = AjmoDashboardDemo;
			sourceTree = "<group>";
		};
		D7BACE672524598B006F70DC /* CustomViews */ = {
			isa = PBXGroup;
			children = (
			);
			path = CustomViews;
			sourceTree = "<group>";
		};
		D7BACE69252459A2006F70DC /* Manager */ = {
			isa = PBXGroup;
			children = (
				D7BACE8825246710006F70DC /* ApiManager.swift */,
				D7BACE8925246710006F70DC /* NetworkManager.swift */,
				D7BACE6D25245CE9006F70DC /* AlertViewManager.swift */,
				D7BACE6E25245CE9006F70DC /* ColorManager.swift */,
				D7BACE6C25245CE9006F70DC /* SceneManager.swift */,
			);
			path = Manager;
			sourceTree = "<group>";
		};
		D7BACE6A25245A29006F70DC /* SupportedFiles */ = {
			isa = PBXGroup;
			children = (
				D7BACE582524593E006F70DC /* Main.storyboard */,
				D7BACE5B25245941006F70DC /* Assets.xcassets */,
				D7BACE5D25245941006F70DC /* LaunchScreen.storyboard */,
				D7BACE6025245941006F70DC /* Info.plist */,
			);
			name = SupportedFiles;
			sourceTree = "<group>";
		};
		D7BACE6B25245CD3006F70DC /* Generic */ = {
			isa = PBXGroup;
			children = (
				D7BACE522524593E006F70DC /* AppDelegate.swift */,
				D7BACE562524593E006F70DC /* BaseViewController.swift */,
			);
			name = Generic;
			sourceTree = "<group>";
		};
		D7BACE7425245E5D006F70DC /* Extension */ = {
			isa = PBXGroup;
			children = (
				D7BACE7525245E5E006F70DC /* StringExt.swift */,
				D7BACE7625245E5E006F70DC /* UIViewExt.swift */,
				D7BACE7725245E5E006F70DC /* UIViewControllerExt.swift */,
				D7BACE7925245E5E006F70DC /* NSDateExt.swift */,
				D7BACE7A25245E5E006F70DC /* UIImageExt.swift */,
			);
			path = Extension;
			sourceTree = "<group>";
		};
		D7BACE7B25245E5E006F70DC /* Utils */ = {
			isa = PBXGroup;
			children = (
				D7BACE7C25245E5E006F70DC /* Constants.swift */,
				D7BACE7D25245E5E006F70DC /* Utils.swift */,
				D7BACE7E25245E5E006F70DC /* Configuration.swift */,
			);
			path = Utils;
			sourceTree = "<group>";
		};
/* End PBXGroup section */

/* Begin PBXNativeTarget section */
		D7BACE4E2524593E006F70DC /* AjmoDashboardDemo */ = {
			isa = PBXNativeTarget;
			buildConfigurationList = D7BACE6325245941006F70DC /* Build configuration list for PBXNativeTarget "AjmoDashboardDemo" */;
			buildPhases = (
				21CAB4AC646B964B6655FCC3 /* [CP] Check Pods Manifest.lock */,
				D7BACE4B2524593E006F70DC /* Sources */,
				D7BACE4C2524593E006F70DC /* Frameworks */,
				D7BACE4D2524593E006F70DC /* Resources */,
				CD5B06320AF0AF5CB9D43C86 /* [CP] Embed Pods Frameworks */,
			);
			buildRules = (
			);
			dependencies = (
			);
			name = AjmoDashboardDemo;
			productName = AjmoDashboardDemo;
			productReference = D7BACE4F2524593E006F70DC /* AjmoDashboardDemo.app */;
			productType = "com.apple.product-type.application";
		};
/* End PBXNativeTarget section */

/* Begin PBXProject section */
		D7BACE472524593E006F70DC /* Project object */ = {
			isa = PBXProject;
			attributes = {
				LastSwiftUpdateCheck = 1170;
				LastUpgradeCheck = 1170;
				ORGANIZATIONNAME = BaBen;
				TargetAttributes = {
					D7BACE4E2524593E006F70DC = {
						CreatedOnToolsVersion = 11.7;
					};
				};
			};
			buildConfigurationList = D7BACE4A2524593E006F70DC /* Build configuration list for PBXProject "AjmoDashboardDemo" */;
			compatibilityVersion = "Xcode 9.3";
			developmentRegion = en;
			hasScannedForEncodings = 0;
			knownRegions = (
				en,
				Base,
			);
			mainGroup = D7BACE462524593E006F70DC;
			productRefGroup = D7BACE502524593E006F70DC /* Products */;
			projectDirPath = "";
			projectRoot = "";
			targets = (
				D7BACE4E2524593E006F70DC /* AjmoDashboardDemo */,
			);
		};
/* End PBXProject section */

/* Begin PBXResourcesBuildPhase section */
		D7BACE4D2524593E006F70DC /* Resources */ = {
			isa = PBXResourcesBuildPhase;
			buildActionMask = 2147483647;
			files = (
				D7BACE5F25245941006F70DC /* LaunchScreen.storyboard in Resources */,
				D7BACE5C25245941006F70DC /* Assets.xcassets in Resources */,
				D7BACE5A2524593E006F70DC /* Main.storyboard in Resources */,
			);
			runOnlyForDeploymentPostprocessing = 0;
		};
/* End PBXResourcesBuildPhase section */

/* Begin PBXShellScriptBuildPhase section */
		21CAB4AC646B964B6655FCC3 /* [CP] Check Pods Manifest.lock */ = {
			isa = PBXShellScriptBuildPhase;
			buildActionMask = 2147483647;
			files = (
			);
			inputFileListPaths = (
			);
			inputPaths = (
				"${PODS_PODFILE_DIR_PATH}/Podfile.lock",
				"${PODS_ROOT}/Manifest.lock",
			);
			name = "[CP] Check Pods Manifest.lock";
			outputFileListPaths = (
			);
			outputPaths = (
				"$(DERIVED_FILE_DIR)/Pods-AjmoDashboardDemo-checkManifestLockResult.txt",
			);
			runOnlyForDeploymentPostprocessing = 0;
			shellPath = /bin/sh;
			shellScript = "diff \"${PODS_PODFILE_DIR_PATH}/Podfile.lock\" \"${PODS_ROOT}/Manifest.lock\" > /dev/null\nif [ $? != 0 ] ; then\n    # print error to STDERR\n    echo \"error: The sandbox is not in sync with the Podfile.lock. Run 'pod install' or update your CocoaPods installation.\" >&2\n    exit 1\nfi\n# This output is used by Xcode 'outputs' to avoid re-running this script phase.\necho \"SUCCESS\" > \"${SCRIPT_OUTPUT_FILE_0}\"\n";
			showEnvVarsInLog = 0;
		};
		CD5B06320AF0AF5CB9D43C86 /* [CP] Embed Pods Frameworks */ = {
			isa = PBXShellScriptBuildPhase;
			buildActionMask = 2147483647;
			files = (
			);
			inputFileListPaths = (
				"${PODS_ROOT}/Target Support Files/Pods-AjmoDashboardDemo/Pods-AjmoDashboardDemo-frameworks-${CONFIGURATION}-input-files.xcfilelist",
			);
			name = "[CP] Embed Pods Frameworks";
			outputFileListPaths = (
				"${PODS_ROOT}/Target Support Files/Pods-AjmoDashboardDemo/Pods-AjmoDashboardDemo-frameworks-${CONFIGURATION}-output-files.xcfilelist",
			);
			runOnlyForDeploymentPostprocessing = 0;
			shellPath = /bin/sh;
			shellScript = "\"${PODS_ROOT}/Target Support Files/Pods-AjmoDashboardDemo/Pods-AjmoDashboardDemo-frameworks.sh\"\n";
			showEnvVarsInLog = 0;
		};
/* End PBXShellScriptBuildPhase section */

/* Begin PBXSourcesBuildPhase section */
		D7BACE4B2524593E006F70DC /* Sources */ = {
			isa = PBXSourcesBuildPhase;
			buildActionMask = 2147483647;
			files = (
				D7BACE8025245E5E006F70DC /* UIViewExt.swift in Sources */,
				D7BACE8725245E5E006F70DC /* Configuration.swift in Sources */,
				D7BACE572524593E006F70DC /* BaseViewController.swift in Sources */,
				D7BACE8125245E5E006F70DC /* UIViewControllerExt.swift in Sources */,
				D7BACE8325245E5E006F70DC /* NSDateExt.swift in Sources */,
				D7BACE8625245E5E006F70DC /* Utils.swift in Sources */,
				D7BACE7225245CE9006F70DC /* ColorManager.swift in Sources */,
				D7BACE7025245CE9006F70DC /* SceneManager.swift in Sources */,
				D7BACE532524593E006F70DC /* AppDelegate.swift in Sources */,
				D7BACE7F25245E5E006F70DC /* StringExt.swift in Sources */,
				D7BACE8A25246710006F70DC /* ApiManager.swift in Sources */,
				D7BACE7125245CE9006F70DC /* AlertViewManager.swift in Sources */,
				D7BACE8B25246710006F70DC /* NetworkManager.swift in Sources */,
				D7BACE8425245E5E006F70DC /* UIImageExt.swift in Sources */,
				D7BACE8525245E5E006F70DC /* Constants.swift in Sources */,
			);
			runOnlyForDeploymentPostprocessing = 0;
		};
/* End PBXSourcesBuildPhase section */

/* Begin PBXVariantGroup section */
		D7BACE582524593E006F70DC /* Main.storyboard */ = {
			isa = PBXVariantGroup;
			children = (
				D7BACE592524593E006F70DC /* Base */,
			);
			name = Main.storyboard;
			sourceTree = "<group>";
		};
		D7BACE5D25245941006F70DC /* LaunchScreen.storyboard */ = {
			isa = PBXVariantGroup;
			children = (
				D7BACE5E25245941006F70DC /* Base */,
			);
			name = LaunchScreen.storyboard;
			sourceTree = "<group>";
		};
/* End PBXVariantGroup section */

/* Begin XCBuildConfiguration section */
		D7BACE6125245941006F70DC /* Debug */ = {
			isa = XCBuildConfiguration;
			buildSettings = {
				ALWAYS_SEARCH_USER_PATHS = NO;
				CLANG_ANALYZER_NONNULL = YES;
				CLANG_ANALYZER_NUMBER_OBJECT_CONVERSION = YES_AGGRESSIVE;
				CLANG_CXX_LANGUAGE_STANDARD = "gnu++14";
				CLANG_CXX_LIBRARY = "libc++";
				CLANG_ENABLE_MODULES = YES;
				CLANG_ENABLE_OBJC_ARC = YES;
				CLANG_ENABLE_OBJC_WEAK = YES;
				CLANG_WARN_BLOCK_CAPTURE_AUTORELEASING = YES;
				CLANG_WARN_BOOL_CONVERSION = YES;
				CLANG_WARN_COMMA = YES;
				CLANG_WARN_CONSTANT_CONVERSION = YES;
				CLANG_WARN_DEPRECATED_OBJC_IMPLEMENTATIONS = YES;
				CLANG_WARN_DIRECT_OBJC_ISA_USAGE = YES_ERROR;
				CLANG_WARN_DOCUMENTATION_COMMENTS = YES;
				CLANG_WARN_EMPTY_BODY = YES;
				CLANG_WARN_ENUM_CONVERSION = YES;
				CLANG_WARN_INFINITE_RECURSION = YES;
				CLANG_WARN_INT_CONVERSION = YES;
				CLANG_WARN_NON_LITERAL_NULL_CONVERSION = YES;
				CLANG_WARN_OBJC_IMPLICIT_RETAIN_SELF = YES;
				CLANG_WARN_OBJC_LITERAL_CONVERSION = YES;
				CLANG_WARN_OBJC_ROOT_CLASS = YES_ERROR;
				CLANG_WARN_RANGE_LOOP_ANALYSIS = YES;
				CLANG_WARN_STRICT_PROTOTYPES = YES;
				CLANG_WARN_SUSPICIOUS_MOVE = YES;
				CLANG_WARN_UNGUARDED_AVAILABILITY = YES_AGGRESSIVE;
				CLANG_WARN_UNREACHABLE_CODE = YES;
				CLANG_WARN__DUPLICATE_METHOD_MATCH = YES;
				COPY_PHASE_STRIP = NO;
				DEBUG_INFORMATION_FORMAT = dwarf;
				ENABLE_STRICT_OBJC_MSGSEND = YES;
				ENABLE_TESTABILITY = YES;
				GCC_C_LANGUAGE_STANDARD = gnu11;
				GCC_DYNAMIC_NO_PIC = NO;
				GCC_NO_COMMON_BLOCKS = YES;
				GCC_OPTIMIZATION_LEVEL = 0;
				GCC_PREPROCESSOR_DEFINITIONS = (
					"DEBUG=1",
					"$(inherited)",
				);
				GCC_WARN_64_TO_32_BIT_CONVERSION = YES;
				GCC_WARN_ABOUT_RETURN_TYPE = YES_ERROR;
				GCC_WARN_UNDECLARED_SELECTOR = YES;
				GCC_WARN_UNINITIALIZED_AUTOS = YES_AGGRESSIVE;
				GCC_WARN_UNUSED_FUNCTION = YES;
				GCC_WARN_UNUSED_VARIABLE = YES;
				IPHONEOS_DEPLOYMENT_TARGET = 10.0;
				MTL_ENABLE_DEBUG_INFO = INCLUDE_SOURCE;
				MTL_FAST_MATH = YES;
				ONLY_ACTIVE_ARCH = YES;
				SDKROOT = iphoneos;
				SWIFT_ACTIVE_COMPILATION_CONDITIONS = DEBUG;
				SWIFT_OPTIMIZATION_LEVEL = "-Onone";
			};
			name = Debug;
		};
		D7BACE6225245941006F70DC /* Release */ = {
			isa = XCBuildConfiguration;
			buildSettings = {
				ALWAYS_SEARCH_USER_PATHS = NO;
				CLANG_ANALYZER_NONNULL = YES;
				CLANG_ANALYZER_NUMBER_OBJECT_CONVERSION = YES_AGGRESSIVE;
				CLANG_CXX_LANGUAGE_STANDARD = "gnu++14";
				CLANG_CXX_LIBRARY = "libc++";
				CLANG_ENABLE_MODULES = YES;
				CLANG_ENABLE_OBJC_ARC = YES;
				CLANG_ENABLE_OBJC_WEAK = YES;
				CLANG_WARN_BLOCK_CAPTURE_AUTORELEASING = YES;
				CLANG_WARN_BOOL_CONVERSION = YES;
				CLANG_WARN_COMMA = YES;
				CLANG_WARN_CONSTANT_CONVERSION = YES;
				CLANG_WARN_DEPRECATED_OBJC_IMPLEMENTATIONS = YES;
				CLANG_WARN_DIRECT_OBJC_ISA_USAGE = YES_ERROR;
				CLANG_WARN_DOCUMENTATION_COMMENTS = YES;
				CLANG_WARN_EMPTY_BODY = YES;
				CLANG_WARN_ENUM_CONVERSION = YES;
				CLANG_WARN_INFINITE_RECURSION = YES;
				CLANG_WARN_INT_CONVERSION = YES;
				CLANG_WARN_NON_LITERAL_NULL_CONVERSION = YES;
				CLANG_WARN_OBJC_IMPLICIT_RETAIN_SELF = YES;
				CLANG_WARN_OBJC_LITERAL_CONVERSION = YES;
				CLANG_WARN_OBJC_ROOT_CLASS = YES_ERROR;
				CLANG_WARN_RANGE_LOOP_ANALYSIS = YES;
				CLANG_WARN_STRICT_PROTOTYPES = YES;
				CLANG_WARN_SUSPICIOUS_MOVE = YES;
				CLANG_WARN_UNGUARDED_AVAILABILITY = YES_AGGRESSIVE;
				CLANG_WARN_UNREACHABLE_CODE = YES;
				CLANG_WARN__DUPLICATE_METHOD_MATCH = YES;
				COPY_PHASE_STRIP = NO;
				DEBUG_INFORMATION_FORMAT = "dwarf-with-dsym";
				ENABLE_NS_ASSERTIONS = NO;
				ENABLE_STRICT_OBJC_MSGSEND = YES;
				GCC_C_LANGUAGE_STANDARD = gnu11;
				GCC_NO_COMMON_BLOCKS = YES;
				GCC_WARN_64_TO_32_BIT_CONVERSION = YES;
				GCC_WARN_ABOUT_RETURN_TYPE = YES_ERROR;
				GCC_WARN_UNDECLARED_SELECTOR = YES;
				GCC_WARN_UNINITIALIZED_AUTOS = YES_AGGRESSIVE;
				GCC_WARN_UNUSED_FUNCTION = YES;
				GCC_WARN_UNUSED_VARIABLE = YES;
				IPHONEOS_DEPLOYMENT_TARGET = 10.0;
				MTL_ENABLE_DEBUG_INFO = NO;
				MTL_FAST_MATH = YES;
				SDKROOT = iphoneos;
				SWIFT_COMPILATION_MODE = wholemodule;
				SWIFT_OPTIMIZATION_LEVEL = "-O";
				VALIDATE_PRODUCT = YES;
			};
			name = Release;
		};
		D7BACE6425245941006F70DC /* Debug */ = {
			isa = XCBuildConfiguration;
			baseConfigurationReference = C6DB447F4B106BA4CC523C69 /* Pods-AjmoDashboardDemo.debug.xcconfig */;
			buildSettings = {
				ASSETCATALOG_COMPILER_APPICON_NAME = AppIcon;
				CODE_SIGN_STYLE = Automatic;
				INFOPLIST_FILE = AjmoDashboardDemo/Info.plist;
				IPHONEOS_DEPLOYMENT_TARGET = 10.0;
				LD_RUNPATH_SEARCH_PATHS = (
					"$(inherited)",
					"@executable_path/Frameworks",
				);
				PRODUCT_BUNDLE_IDENTIFIER = com.ajmo.dashboard.demo;
				PRODUCT_NAME = "$(TARGET_NAME)";
				SWIFT_VERSION = 5.0;
				TARGETED_DEVICE_FAMILY = 1;
			};
			name = Debug;
		};
		D7BACE6525245941006F70DC /* Release */ = {
			isa = XCBuildConfiguration;
			baseConfigurationReference = 7234039E953E675BAC04E505 /* Pods-AjmoDashboardDemo.release.xcconfig */;
			buildSettings = {
				ASSETCATALOG_COMPILER_APPICON_NAME = AppIcon;
				CODE_SIGN_STYLE = Automatic;
				INFOPLIST_FILE = AjmoDashboardDemo/Info.plist;
				IPHONEOS_DEPLOYMENT_TARGET = 10.0;
				LD_RUNPATH_SEARCH_PATHS = (
					"$(inherited)",
					"@executable_path/Frameworks",
				);
				PRODUCT_BUNDLE_IDENTIFIER = com.ajmo.dashboard.demo;
				PRODUCT_NAME = "$(TARGET_NAME)";
				SWIFT_VERSION = 5.0;
				TARGETED_DEVICE_FAMILY = 1;
			};
			name = Release;
		};
/* End XCBuildConfiguration section */

/* Begin XCConfigurationList section */
		D7BACE4A2524593E006F70DC /* Build configuration list for PBXProject "AjmoDashboardDemo" */ = {
			isa = XCConfigurationList;
			buildConfigurations = (
				D7BACE6125245941006F70DC /* Debug */,
				D7BACE6225245941006F70DC /* Release */,
			);
			defaultConfigurationIsVisible = 0;
			defaultConfigurationName = Release;
		};
		D7BACE6325245941006F70DC /* Build configuration list for PBXNativeTarget "AjmoDashboardDemo" */ = {
			isa = XCConfigurationList;
			buildConfigurations = (
				D7BACE6425245941006F70DC /* Debug */,
				D7BACE6525245941006F70DC /* Release */,
			);
			defaultConfigurationIsVisible = 0;
			defaultConfigurationName = Release;
		};
/* End XCConfigurationList section */
	};
	rootObject = D7BACE472524593E006F70DC /* Project object */;
}
